
Microsoft Visual Studio Solution File, Format Version 12.00
# Visual Studio Version 17
VisualStudioVersion = 17.0.31903.59
MinimumVisualStudioVersion = 10.0.40219.1
Project("{FAE04EC0-301F-11D3-BF4B-00C04F79EFBC}") = "VehicleManagement.Api", "VehicleManagement.Api\VehicleManagement.Api.csproj", "{B766340E-E8D8-4D1C-8EDA-97A8A9D609A8}"
EndProject
Project("{FAE04EC0-301F-11D3-BF4B-00C04F79EFBC}") = "VehicleManagement.Domain", "VehicleManagement.Domain\VehicleManagement.Domain.csproj", "{1BFFA583-E12C-4483-BD2C-AA75F7A368A2}"
EndProject
Project("{FAE04EC0-301F-11D3-BF4B-00C04F79EFBC}") = "VehicleManagement.Application", "VehicleManagement.Application\VehicleManagement.Application.csproj", "{D8CEBCF4-8948-4186-A9DA-B65924BF7EDA}"
EndProject
Project("{FAE04EC0-301F-11D3-BF4B-00C04F79EFBC}") = "VehicleManagement.Infrastructure", "VehicleManagement.Infrastructure\VehicleManagement.Infrastructure.csproj", "{874ABC44-BB21-4F02-BA89-7C9463459162}"
EndProject
Global
	GlobalSection(SolutionConfigurationPlatforms) = preSolution
		Debug|Any CPU = Debug|Any CPU
		Debug|x64 = Debug|x64
		Debug|x86 = Debug|x86
		Release|Any CPU = Release|Any CPU
		Release|x64 = Release|x64
		Release|x86 = Release|x86
	EndGlobalSection
	GlobalSection(ProjectConfigurationPlatforms) = postSolution
		{B766340E-E8D8-4D1C-8EDA-97A8A9D609A8}.Debug|Any CPU.ActiveCfg = Debug|Any CPU
		{B766340E-E8D8-4D1C-8EDA-97A8A9D609A8}.Debug|Any CPU.Build.0 = Debug|Any CPU
		{B766340E-E8D8-4D1C-8EDA-97A8A9D609A8}.Debug|x64.ActiveCfg = Debug|Any CPU
		{B766340E-E8D8-4D1C-8EDA-97A8A9D609A8}.Debug|x64.Build.0 = Debug|Any CPU
		{B766340E-E8D8-4D1C-8EDA-97A8A9D609A8}.Debug|x86.ActiveCfg = Debug|Any CPU
		{B766340E-E8D8-4D1C-8EDA-97A8A9D609A8}.Debug|x86.Build.0 = Debug|Any CPU
		{B766340E-E8D8-4D1C-8EDA-97A8A9D609A8}.Release|Any CPU.ActiveCfg = Release|Any CPU
		{B766340E-E8D8-4D1C-8EDA-97A8A9D609A8}.Release|Any CPU.Build.0 = Release|Any CPU
		{B766340E-E8D8-4D1C-8EDA-97A8A9D609A8}.Release|x64.ActiveCfg = Release|Any CPU
		{B766340E-E8D8-4D1C-8EDA-97A8A9D609A8}.Release|x64.Build.0 = Release|Any CPU
		{B766340E-E8D8-4D1C-8EDA-97A8A9D609A8}.Release|x86.ActiveCfg = Release|Any CPU
		{B766340E-E8D8-4D1C-8EDA-97A8A9D609A8}.Release|x86.Build.0 = Release|Any CPU
		{1BFFA583-E12C-4483-BD2C-AA75F7A368A2}.Debug|Any CPU.ActiveCfg = Debug|Any CPU
		{1BFFA583-E12C-4483-BD2C-AA75F7A368A2}.Debug|Any CPU.Build.0 = Debug|Any CPU
		{1BFFA583-E12C-4483-BD2C-AA75F7A368A2}.Debug|x64.ActiveCfg = Debug|Any CPU
		{1BFFA583-E12C-4483-BD2C-AA75F7A368A2}.Debug|x64.Build.0 = Debug|Any CPU
		{1BFFA583-E12C-4483-BD2C-AA75F7A368A2}.Debug|x86.ActiveCfg = Debug|Any CPU
		{1BFFA583-E12C-4483-BD2C-AA75F7A368A2}.Debug|x86.Build.0 = Debug|Any CPU
		{1BFFA583-E12C-4483-BD2C-AA75F7A368A2}.Release|Any CPU.ActiveCfg = Release|Any CPU
		{1BFFA583-E12C-4483-BD2C-AA75F7A368A2}.Release|Any CPU.Build.0 = Release|Any CPU
		{1BFFA583-E12C-4483-BD2C-AA75F7A368A2}.Release|x64.ActiveCfg = Release|Any CPU
		{1BFFA583-E12C-4483-BD2C-AA75F7A368A2}.Release|x64.Build.0 = Release|Any CPU
		{1BFFA583-E12C-4483-BD2C-AA75F7A368A2}.Release|x86.ActiveCfg = Release|Any CPU
		{1BFFA583-E12C-4483-BD2C-AA75F7A368A2}.Release|x86.Build.0 = Release|Any CPU
		{D8CEBCF4-8948-4186-A9DA-B65924BF7EDA}.Debug|Any CPU.ActiveCfg = Debug|Any CPU
		{D8CEBCF4-8948-4186-A9DA-B65924BF7EDA}.Debug|Any CPU.Build.0 = Debug|Any CPU
		{D8CEBCF4-8948-4186-A9DA-B65924BF7EDA}.Debug|x64.ActiveCfg = Debug|Any CPU
		{D8CEBCF4-8948-4186-A9DA-B65924BF7EDA}.Debug|x64.Build.0 = Debug|Any CPU
		{D8CEBCF4-8948-4186-A9DA-B65924BF7EDA}.Debug|x86.ActiveCfg = Debug|Any CPU
		{D8CEBCF4-8948-4186-A9DA-B65924BF7EDA}.Debug|x86.Build.0 = Debug|Any CPU
		{D8CEBCF4-8948-4186-A9DA-B65924BF7EDA}.Release|Any CPU.ActiveCfg = Release|Any CPU
		{D8CEBCF4-8948-4186-A9DA-B65924BF7EDA}.Release|Any CPU.Build.0 = Release|Any CPU
		{D8CEBCF4-8948-4186-A9DA-B65924BF7EDA}.Release|x64.ActiveCfg = Release|Any CPU
		{D8CEBCF4-8948-4186-A9DA-B65924BF7EDA}.Release|x64.Build.0 = Release|Any CPU
		{D8CEBCF4-8948-4186-A9DA-B65924BF7EDA}.Release|x86.ActiveCfg = Release|Any CPU
		{D8CEBCF4-8948-4186-A9DA-B65924BF7EDA}.Release|x86.Build.0 = Release|Any CPU
		{874ABC44-BB21-4F02-BA89-7C9463459162}.Debug|Any CPU.ActiveCfg = Debug|Any CPU
		{874ABC44-BB21-4F02-BA89-7C9463459162}.Debug|Any CPU.Build.0 = Debug|Any CPU
		{874ABC44-BB21-4F02-BA89-7C9463459162}.Debug|x64.ActiveCfg = Debug|Any CPU
		{874ABC44-BB21-4F02-BA89-7C9463459162}.Debug|x64.Build.0 = Debug|Any CPU
		{874ABC44-BB21-4F02-BA89-7C9463459162}.Debug|x86.ActiveCfg = Debug|Any CPU
		{874ABC44-BB21-4F02-BA89-7C9463459162}.Debug|x86.Build.0 = Debug|Any CPU
		{874ABC44-BB21-4F02-BA89-7C9463459162}.Release|Any CPU.ActiveCfg = Release|Any CPU
		{874ABC44-BB21-4F02-BA89-7C9463459162}.Release|Any CPU.Build.0 = Release|Any CPU
		{874ABC44-BB21-4F02-BA89-7C9463459162}.Release|x64.ActiveCfg = Release|Any CPU
		{874ABC44-BB21-4F02-BA89-7C9463459162}.Release|x64.Build.0 = Release|Any CPU
		{874ABC44-BB21-4F02-BA89-7C9463459162}.Release|x86.ActiveCfg = Release|Any CPU
		{874ABC44-BB21-4F02-BA89-7C9463459162}.Release|x86.Build.0 = Release|Any CPU
	EndGlobalSection
	GlobalSection(SolutionProperties) = preSolution
		HideSolutionNode = FALSE
	EndGlobalSection
EndGlobal
